# This file is autogenerated, do not edit; changes may be undone by the next 'dep ensure'.


[[projects]]
  branch = "master"
  name = "github.com/VolantMQ/persistence"
  packages = ["."]
  revision = "5fff1594612442a04a697ba5f9bb3607ad56bf8f"

[[projects]]
  branch = "master"
  name = "github.com/VolantMQ/plugin"
  packages = ["."]
  revision = "714bee045c12036847a3e55cf6c438a9aa624e28"

[[projects]]
  name = "github.com/boltdb/bolt"
  packages = ["."]
  revision = "2f1ce7a837dcb8da3ec595b1dac9d0632f0f99e8"
  version = "v1.3.1"

[[projects]]
  branch = "master"
  name = "golang.org/x/sys"
  packages = ["unix"]
  revision = "429f518978ab01db8bb6f44b66785088e7fba58b"

[solve-meta]
  analyzer-name = "dep"
  analyzer-version = 1
  inputs-digest = "247c49067339bd11082398eba276351dd0de4d637102c4e61cd4da9082d1a29f"
  solver-name = "gps-cdcl"
  solver-version = 1
